
Microsoft Visual Studio Solution File, Format Version 12.00
# Visual Studio Version 17
VisualStudioVersion = 17.5.002.0
MinimumVisualStudioVersion = 10.0.40219.1
Project("{9A19103F-16F7-4668-BE54-9A1E7A4F7556}") = "Sofware-Runway", "Sofware-Runway.csproj", "{2D997F8E-9F3D-4B13-AA1A-83168F50D847}"
EndProject
Global
	GlobalSection(SolutionConfigurationPlatforms) = preSolution
		Debug|Any CPU = Debug|Any CPU
		Release|Any CPU = Release|Any CPU
	EndGlobalSection
	GlobalSection(ProjectConfigurationPlatforms) = postSolution
		{2D997F8E-9F3D-4B13-AA1A-83168F50D847}.Debug|Any CPU.ActiveCfg = Debug|Any CPU
		{2D997F8E-9F3D-4B13-AA1A-83168F50D847}.Debug|Any CPU.Build.0 = Debug|Any CPU
		{2D997F8E-9F3D-4B13-AA1A-83168F50D847}.Release|Any CPU.ActiveCfg = Release|Any CPU
		{2D997F8E-9F3D-4B13-AA1A-83168F50D847}.Release|Any CPU.Build.0 = Release|Any CPU
	EndGlobalSection
	GlobalSection(SolutionProperties) = preSolution
		HideSolutionNode = FALSE
	EndGlobalSection
	GlobalSection(ExtensibilityGlobals) = postSolution
		SolutionGuid = {E83584AE-BBFE-4061-A413-9A1ECA824AA8}
	EndGlobalSection
EndGlobal
